
Microsoft Visual Studio Solution File, Format Version 12.00
# Visual Studio Version 16
VisualStudioVersion = 16.0.29512.175
MinimumVisualStudioVersion = 10.0.40219.1
Project("{FAE04EC0-301F-11D3-BF4B-00C04F79EFBC}") = "UserServices", "UserServices.csproj", "{F69F13F7-A47D-4D69-8FB3-D90195E176AA}"
EndProject
Global
	GlobalSection(SolutionConfigurationPlatforms) = preSolution
		Debug|Any CPU = Debug|Any CPU
		Release|Any CPU = Release|Any CPU
	EndGlobalSection
	GlobalSection(ProjectConfigurationPlatforms) = postSolution
		{F69F13F7-A47D-4D69-8FB3-D90195E176AA}.Debug|Any CPU.ActiveCfg = Debug|Any CPU
		{F69F13F7-A47D-4D69-8FB3-D90195E176AA}.Debug|Any CPU.Build.0 = Debug|Any CPU
		{F69F13F7-A47D-4D69-8FB3-D90195E176AA}.Release|Any CPU.ActiveCfg = Release|Any CPU
		{F69F13F7-A47D-4D69-8FB3-D90195E176AA}.Release|Any CPU.Build.0 = Release|Any CPU
	EndGlobalSection
	GlobalSection(SolutionProperties) = preSolution
		HideSolutionNode = FALSE
	EndGlobalSection
	GlobalSection(ExtensibilityGlobals) = postSolution
		SolutionGuid = {B944FEA2-164E-4150-8EF5-1C616AA946F9}
	EndGlobalSection
EndGlobal
